
Microsoft Visual Studio Solution File, Format Version 12.00
# Visual Studio Version 17
VisualStudioVersion = 17.0.31912.275
MinimumVisualStudioVersion = 10.0.40219.1
Project("{FAE04EC0-301F-11D3-BF4B-00C04F79EFBC}") = "TESTApp", "TESTApp\TESTApp.csproj", "{4F99CE5D-1561-4789-8285-B4B70690985B}"
EndProject
Global
	GlobalSection(SolutionConfigurationPlatforms) = preSolution
		Debug|Any CPU = Debug|Any CPU
		Release|Any CPU = Release|Any CPU
	EndGlobalSection
	GlobalSection(ProjectConfigurationPlatforms) = postSolution
		{4F99CE5D-1561-4789-8285-B4B70690985B}.Debug|Any CPU.ActiveCfg = Debug|Any CPU
		{4F99CE5D-1561-4789-8285-B4B70690985B}.Debug|Any CPU.Build.0 = Debug|Any CPU
		{4F99CE5D-1561-4789-8285-B4B70690985B}.Release|Any CPU.ActiveCfg = Release|Any CPU
		{4F99CE5D-1561-4789-8285-B4B70690985B}.Release|Any CPU.Build.0 = Release|Any CPU
	EndGlobalSection
	GlobalSection(SolutionProperties) = preSolution
		HideSolutionNode = FALSE
	EndGlobalSection
	GlobalSection(ExtensibilityGlobals) = postSolution
		SolutionGuid = {5FCAACD5-6002-4D15-A840-5140E040445E}
	EndGlobalSection
EndGlobal
